// !$*UTF8*$!
{
	archiveVersion = 1;
	classes = {
	};
	objectVersion = 56;
	objects = {

/* Begin PBXBuildFile section */
		63309F122C25601A00224E5B /* FrameworksListApp.swift in Sources */ = {isa = PBXBuildFile; fileRef = 63309F112C25601A00224E5B /* FrameworksListApp.swift */; };
		63309F142C25601A00224E5B /* ContentView.swift in Sources */ = {isa = PBXBuildFile; fileRef = 63309F132C25601A00224E5B /* ContentView.swift */; };
		63309F162C25601C00224E5B /* Assets.xcassets in Resources */ = {isa = PBXBuildFile; fileRef = 63309F152C25601C00224E5B /* Assets.xcassets */; };
		63309F192C25601C00224E5B /* Preview Assets.xcassets in Resources */ = {isa = PBXBuildFile; fileRef = 63309F182C25601C00224E5B /* Preview Assets.xcassets */; };
		6337BAB92C26994000D2461F /* LaunchScreen.storyboard in Resources */ = {isa = PBXBuildFile; fileRef = 6337BAB82C26994000D2461F /* LaunchScreen.storyboard */; };
		63D4B2202C2560F10003192D /* Bundle.swift in Sources */ = {isa = PBXBuildFile; fileRef = 63D4B21F2C2560F10003192D /* Bundle.swift */; };
		63D4B2222C2561780003192D /* FrameworkModel.swift in Sources */ = {isa = PBXBuildFile; fileRef = 63D4B2212C2561780003192D /* FrameworkModel.swift */; };
		63D4B2242C2562C50003192D /* ContentViewModel.swift in Sources */ = {isa = PBXBuildFile; fileRef = 63D4B2232C2562C50003192D /* ContentViewModel.swift */; };
		63D4B2262C2563610003192D /* frameworks.json in Resources */ = {isa = PBXBuildFile; fileRef = 63D4B2252C2563610003192D /* frameworks.json */; };
		63D4B2282C2576850003192D /* DetailView.swift in Sources */ = {isa = PBXBuildFile; fileRef = 63D4B2272C2576850003192D /* DetailView.swift */; };
/* End PBXBuildFile section */

/* Begin PBXFileReference section */
		63309F0E2C25601A00224E5B /* FrameworksList.app */ = {isa = PBXFileReference; explicitFileType = wrapper.application; includeInIndex = 0; path = FrameworksList.app; sourceTree = BUILT_PRODUCTS_DIR; };
		63309F112C25601A00224E5B /* FrameworksListApp.swift */ = {isa = PBXFileReference; lastKnownFileType = sourcecode.swift; path = FrameworksListApp.swift; sourceTree = "<group>"; };
		63309F132C25601A00224E5B /* ContentView.swift */ = {isa = PBXFileReference; lastKnownFileType = sourcecode.swift; path = ContentView.swift; sourceTree = "<group>"; };
		63309F152C25601C00224E5B /* Assets.xcassets */ = {isa = PBXFileReference; lastKnownFileType = folder.assetcatalog; path = Assets.xcassets; sourceTree = "<group>"; };
		63309F182C25601C00224E5B /* Preview Assets.xcassets */ = {isa = PBXFileReference; lastKnownFileType = folder.assetcatalog; path = "Preview Assets.xcassets"; sourceTree = "<group>"; };
		6337BAB82C26994000D2461F /* LaunchScreen.storyboard */ = {isa = PBXFileReference; lastKnownFileType = file.storyboard; path = LaunchScreen.storyboard; sourceTree = "<group>"; };
		63D4B21F2C2560F10003192D /* Bundle.swift */ = {isa = PBXFileReference; lastKnownFileType = sourcecode.swift; path = Bundle.swift; sourceTree = "<group>"; };
		63D4B2212C2561780003192D /* FrameworkModel.swift */ = {isa = PBXFileReference; lastKnownFileType = sourcecode.swift; path = FrameworkModel.swift; sourceTree = "<group>"; };
		63D4B2232C2562C50003192D /* ContentViewModel.swift */ = {isa = PBXFileReference; lastKnownFileType = sourcecode.swift; path = ContentViewModel.swift; sourceTree = "<group>"; };
		63D4B2252C2563610003192D /* frameworks.json */ = {isa = PBXFileReference; lastKnownFileType = text.json; path = frameworks.json; sourceTree = "<group>"; };
		63D4B2272C2576850003192D /* DetailView.swift */ = {isa = PBXFileReference; lastKnownFileType = sourcecode.swift; path = DetailView.swift; sourceTree = "<group>"; };
/* End PBXFileReference section */

/* Begin PBXFrameworksBuildPhase section */
		63309F0B2C25601A00224E5B /* Frameworks */ = {
			isa = PBXFrameworksBuildPhase;
			buildActionMask = 2147483647;
			files = (
			);
			runOnlyForDeploymentPostprocessing = 0;
		};
/* End PBXFrameworksBuildPhase section */

/* Begin PBXGroup section */
		63309F052C25601A00224E5B = {
			isa = PBXGroup;
			children = (
				63309F102C25601A00224E5B /* FrameworksList */,
				63309F0F2C25601A00224E5B /* Products */,
			);
			sourceTree = "<group>";
		};
		63309F0F2C25601A00224E5B /* Products */ = {
			isa = PBXGroup;
			children = (
				63309F0E2C25601A00224E5B /* FrameworksList.app */,
			);
			name = Products;
			sourceTree = "<group>";
		};
		63309F102C25601A00224E5B /* FrameworksList */ = {
			isa = PBXGroup;
			children = (
				63309F112C25601A00224E5B /* FrameworksListApp.swift */,
				63D4B21E2C2560DE0003192D /* Extension */,
				63D4B21D2C2560CA0003192D /* Data */,
				63309F212C25604E00224E5B /* Model */,
				63309F1F2C25603600224E5B /* Views */,
				63309F202C25604100224E5B /* ViewModel */,
				63309F152C25601C00224E5B /* Assets.xcassets */,
				63309F172C25601C00224E5B /* Preview Content */,
				6337BAB82C26994000D2461F /* LaunchScreen.storyboard */,
			);
			path = FrameworksList;
			sourceTree = "<group>";
		};
		63309F172C25601C00224E5B /* Preview Content */ = {
			isa = PBXGroup;
			children = (
				63309F182C25601C00224E5B /* Preview Assets.xcassets */,
			);
			path = "Preview Content";
			sourceTree = "<group>";
		};
		63309F1F2C25603600224E5B /* Views */ = {
			isa = PBXGroup;
			children = (
				63309F132C25601A00224E5B /* ContentView.swift */,
				63D4B2272C2576850003192D /* DetailView.swift */,
			);
			path = Views;
			sourceTree = "<group>";
		};
		63309F202C25604100224E5B /* ViewModel */ = {
			isa = PBXGroup;
			children = (
				63D4B2232C2562C50003192D /* ContentViewModel.swift */,
			);
			path = ViewModel;
			sourceTree = "<group>";
		};
		63309F212C25604E00224E5B /* Model */ = {
			isa = PBXGroup;
			children = (
				63D4B2212C2561780003192D /* FrameworkModel.swift */,
			);
			name = Model;
			sourceTree = "<group>";
		};
		63D4B21D2C2560CA0003192D /* Data */ = {
			isa = PBXGroup;
			children = (
				63D4B2252C2563610003192D /* frameworks.json */,
			);
			path = Data;
			sourceTree = "<group>";
		};
		63D4B21E2C2560DE0003192D /* Extension */ = {
			isa = PBXGroup;
			children = (
				63D4B21F2C2560F10003192D /* Bundle.swift */,
			);
			path = Extension;
			sourceTree = "<group>";
		};
/* End PBXGroup section */

/* Begin PBXNativeTarget section */
		63309F0D2C25601A00224E5B /* FrameworksList */ = {
			isa = PBXNativeTarget;
			buildConfigurationList = 63309F1C2C25601C00224E5B /* Build configuration list for PBXNativeTarget "FrameworksList" */;
			buildPhases = (
				63309F0A2C25601A00224E5B /* Sources */,
				63309F0B2C25601A00224E5B /* Frameworks */,
				63309F0C2C25601A00224E5B /* Resources */,
			);
			buildRules = (
			);
			dependencies = (
			);
			name = FrameworksList;
			productName = FrameworksList;
			productReference = 63309F0E2C25601A00224E5B /* FrameworksList.app */;
			productType = "com.apple.product-type.application";
		};
/* End PBXNativeTarget section */

/* Begin PBXProject section */
		63309F062C25601A00224E5B /* Project object */ = {
			isa = PBXProject;
			attributes = {
				BuildIndependentTargetsInParallel = 1;
				LastSwiftUpdateCheck = 1540;
				LastUpgradeCheck = 1540;
				TargetAttributes = {
					63309F0D2C25601A00224E5B = {
						CreatedOnToolsVersion = 15.4;
					};
				};
			};
			buildConfigurationList = 63309F092C25601A00224E5B /* Build configuration list for PBXProject "FrameworksList" */;
			compatibilityVersion = "Xcode 14.0";
			developmentRegion = en;
			hasScannedForEncodings = 0;
			knownRegions = (
				en,
				Base,
			);
			mainGroup = 63309F052C25601A00224E5B;
			productRefGroup = 63309F0F2C25601A00224E5B /* Products */;
			projectDirPath = "";
			projectRoot = "";
			targets = (
				63309F0D2C25601A00224E5B /* FrameworksList */,
			);
		};
/* End PBXProject section */

/* Begin PBXResourcesBuildPhase section */
		63309F0C2C25601A00224E5B /* Resources */ = {
			isa = PBXResourcesBuildPhase;
			buildActionMask = 2147483647;
			files = (
				63309F192C25601C00224E5B /* Preview Assets.xcassets in Resources */,
				6337BAB92C26994000D2461F /* LaunchScreen.storyboard in Resources */,
				63D4B2262C2563610003192D /* frameworks.json in Resources */,
				63309F162C25601C00224E5B /* Assets.xcassets in Resources */,
			);
			runOnlyForDeploymentPostprocessing = 0;
		};
/* End PBXResourcesBuildPhase section */

/* Begin PBXSourcesBuildPhase section */
		63309F0A2C25601A00224E5B /* Sources */ = {
			isa = PBXSourcesBuildPhase;
			buildActionMask = 2147483647;
			files = (
				63309F142C25601A00224E5B /* ContentView.swift in Sources */,
				63D4B2282C2576850003192D /* DetailView.swift in Sources */,
				63D4B2202C2560F10003192D /* Bundle.swift in Sources */,
				63D4B2222C2561780003192D /* FrameworkModel.swift in Sources */,
				63309F122C25601A00224E5B /* FrameworksListApp.swift in Sources */,
				63D4B2242C2562C50003192D /* ContentViewModel.swift in Sources */,
			);
			runOnlyForDeploymentPostprocessing = 0;
		};
/* End PBXSourcesBuildPhase section */

/* Begin XCBuildConfiguration section */
		63309F1A2C25601C00224E5B /* Debug */ = {
			isa = XCBuildConfiguration;
			buildSettings = {
				ALWAYS_SEARCH_USER_PATHS = NO;
				ASSETCATALOG_COMPILER_GENERATE_SWIFT_ASSET_SYMBOL_EXTENSIONS = YES;
				CLANG_ANALYZER_NONNULL = YES;
				CLANG_ANALYZER_NUMBER_OBJECT_CONVERSION = YES_AGGRESSIVE;
				CLANG_CXX_LANGUAGE_STANDARD = "gnu++20";
				CLANG_ENABLE_MODULES = YES;
				CLANG_ENABLE_OBJC_ARC = YES;
				CLANG_ENABLE_OBJC_WEAK = YES;
				CLANG_WARN_BLOCK_CAPTURE_AUTORELEASING = YES;
				CLANG_WARN_BOOL_CONVERSION = YES;
				CLANG_WARN_COMMA = YES;
				CLANG_WARN_CONSTANT_CONVERSION = YES;
				CLANG_WARN_DEPRECATED_OBJC_IMPLEMENTATIONS = YES;
				CLANG_WARN_DIRECT_OBJC_ISA_USAGE = YES_ERROR;
				CLANG_WARN_DOCUMENTATION_COMMENTS = YES;
				CLANG_WARN_EMPTY_BODY = YES;
				CLANG_WARN_ENUM_CONVERSION = YES;
				CLANG_WARN_INFINITE_RECURSION = YES;
				CLANG_WARN_INT_CONVERSION = YES;
				CLANG_WARN_NON_LITERAL_NULL_CONVERSION = YES;
				CLANG_WARN_OBJC_IMPLICIT_RETAIN_SELF = YES;
				CLANG_WARN_OBJC_LITERAL_CONVERSION = YES;
				CLANG_WARN_OBJC_ROOT_CLASS = YES_ERROR;
				CLANG_WARN_QUOTED_INCLUDE_IN_FRAMEWORK_HEADER = YES;
				CLANG_WARN_RANGE_LOOP_ANALYSIS = YES;
				CLANG_WARN_STRICT_PROTOTYPES = YES;
				CLANG_WARN_SUSPICIOUS_MOVE = YES;
				CLANG_WARN_UNGUARDED_AVAILABILITY = YES_AGGRESSIVE;
				CLANG_WARN_UNREACHABLE_CODE = YES;
				CLANG_WARN__DUPLICATE_METHOD_MATCH = YES;
				COPY_PHASE_STRIP = NO;
				DEBUG_INFORMATION_FORMAT = dwarf;
				ENABLE_STRICT_OBJC_MSGSEND = YES;
				ENABLE_TESTABILITY = YES;
				ENABLE_USER_SCRIPT_SANDBOXING = YES;
				GCC_C_LANGUAGE_STANDARD = gnu17;
				GCC_DYNAMIC_NO_PIC = NO;
				GCC_NO_COMMON_BLOCKS = YES;
				GCC_OPTIMIZATION_LEVEL = 0;
				GCC_PREPROCESSOR_DEFINITIONS = (
					"DEBUG=1",
					"$(inherited)",
				);
				GCC_WARN_64_TO_32_BIT_CONVERSION = YES;
				GCC_WARN_ABOUT_RETURN_TYPE = YES_ERROR;
				GCC_WARN_UNDECLARED_SELECTOR = YES;
				GCC_WARN_UNINITIALIZED_AUTOS = YES_AGGRESSIVE;
				GCC_WARN_UNUSED_FUNCTION = YES;
				GCC_WARN_UNUSED_VARIABLE = YES;
				IPHONEOS_DEPLOYMENT_TARGET = 17.5;
				LOCALIZATION_PREFERS_STRING_CATALOGS = YES;
				MTL_ENABLE_DEBUG_INFO = INCLUDE_SOURCE;
				MTL_FAST_MATH = YES;
				ONLY_ACTIVE_ARCH = YES;
				SDKROOT = iphoneos;
				SWIFT_ACTIVE_COMPILATION_CONDITIONS = "DEBUG $(inherited)";
				SWIFT_OPTIMIZATION_LEVEL = "-Onone";
			};
			name = Debug;
		};
		63309F1B2C25601C00224E5B /* Release */ = {
			isa = XCBuildConfiguration;
			buildSettings = {
				ALWAYS_SEARCH_USER_PATHS = NO;
				ASSETCATALOG_COMPILER_GENERATE_SWIFT_ASSET_SYMBOL_EXTENSIONS = YES;
				CLANG_ANALYZER_NONNULL = YES;
				CLANG_ANALYZER_NUMBER_OBJECT_CONVERSION = YES_AGGRESSIVE;
				CLANG_CXX_LANGUAGE_STANDARD = "gnu++20";
				CLANG_ENABLE_MODULES = YES;
				CLANG_ENABLE_OBJC_ARC = YES;
				CLANG_ENABLE_OBJC_WEAK = YES;
				CLANG_WARN_BLOCK_CAPTURE_AUTORELEASING = YES;
				CLANG_WARN_BOOL_CONVERSION = YES;
				CLANG_WARN_COMMA = YES;
				CLANG_WARN_CONSTANT_CONVERSION = YES;
				CLANG_WARN_DEPRECATED_OBJC_IMPLEMENTATIONS = YES;
				CLANG_WARN_DIRECT_OBJC_ISA_USAGE = YES_ERROR;
				CLANG_WARN_DOCUMENTATION_COMMENTS = YES;
				CLANG_WARN_EMPTY_BODY = YES;
				CLANG_WARN_ENUM_CONVERSION = YES;
				CLANG_WARN_INFINITE_RECURSION = YES;
				CLANG_WARN_INT_CONVERSION = YES;
				CLANG_WARN_NON_LITERAL_NULL_CONVERSION = YES;
				CLANG_WARN_OBJC_IMPLICIT_RETAIN_SELF = YES;
				CLANG_WARN_OBJC_LITERAL_CONVERSION = YES;
				CLANG_WARN_OBJC_ROOT_CLASS = YES_ERROR;
				CLANG_WARN_QUOTED_INCLUDE_IN_FRAMEWORK_HEADER = YES;
				CLANG_WARN_RANGE_LOOP_ANALYSIS = YES;
				CLANG_WARN_STRICT_PROTOTYPES = YES;
				CLANG_WARN_SUSPICIOUS_MOVE = YES;
				CLANG_WARN_UNGUARDED_AVAILABILITY = YES_AGGRESSIVE;
				CLANG_WARN_UNREACHABLE_CODE = YES;
				CLANG_WARN__DUPLICATE_METHOD_MATCH = YES;
				COPY_PHASE_STRIP = NO;
				DEBUG_INFORMATION_FORMAT = "dwarf-with-dsym";
				ENABLE_NS_ASSERTIONS = NO;
				ENABLE_STRICT_OBJC_MSGSEND = YES;
				ENABLE_USER_SCRIPT_SANDBOXING = YES;
				GCC_C_LANGUAGE_STANDARD = gnu17;
				GCC_NO_COMMON_BLOCKS = YES;
				GCC_WARN_64_TO_32_BIT_CONVERSION = YES;
				GCC_WARN_ABOUT_RETURN_TYPE = YES_ERROR;
				GCC_WARN_UNDECLARED_SELECTOR = YES;
				GCC_WARN_UNINITIALIZED_AUTOS = YES_AGGRESSIVE;
				GCC_WARN_UNUSED_FUNCTION = YES;
				GCC_WARN_UNUSED_VARIABLE = YES;
				IPHONEOS_DEPLOYMENT_TARGET = 17.5;
				LOCALIZATION_PREFERS_STRING_CATALOGS = YES;
				MTL_ENABLE_DEBUG_INFO = NO;
				MTL_FAST_MATH = YES;
				SDKROOT = iphoneos;
				SWIFT_COMPILATION_MODE = wholemodule;
				VALIDATE_PRODUCT = YES;
			};
			name = Release;
		};
		63309F1D2C25601C00224E5B /* Debug */ = {
			isa = XCBuildConfiguration;
			buildSettings = {
				ASSETCATALOG_COMPILER_APPICON_NAME = AppIcon;
				ASSETCATALOG_COMPILER_GLOBAL_ACCENT_COLOR_NAME = AccentColor;
				CODE_SIGN_STYLE = Automatic;
				CURRENT_PROJECT_VERSION = 1;
				DEVELOPMENT_ASSET_PATHS = "\"FrameworksList/Preview Content\"";
				DEVELOPMENT_TEAM = Q2ES7AM762;
				ENABLE_PREVIEWS = YES;
				GENERATE_INFOPLIST_FILE = YES;
				INFOPLIST_KEY_UIApplicationSceneManifest_Generation = YES;
				INFOPLIST_KEY_UIApplicationSupportsIndirectInputEvents = YES;
				INFOPLIST_KEY_UILaunchScreen_Generation = YES;
				INFOPLIST_KEY_UILaunchStoryboardName = LaunchScreen.storyboard;
				INFOPLIST_KEY_UISupportedInterfaceOrientations_iPad = "UIInterfaceOrientationPortrait UIInterfaceOrientationPortraitUpsideDown UIInterfaceOrientationLandscapeLeft UIInterfaceOrientationLandscapeRight";
				INFOPLIST_KEY_UISupportedInterfaceOrientations_iPhone = "UIInterfaceOrientationPortrait UIInterfaceOrientationLandscapeLeft UIInterfaceOrientationLandscapeRight";
				LD_RUNPATH_SEARCH_PATHS = (
					"$(inherited)",
					"@executable_path/Frameworks",
				);
				MARKETING_VERSION = 1.0;
				PRODUCT_BUNDLE_IDENTIFIER = com.delhaisse.FrameworksList;
				PRODUCT_NAME = "$(TARGET_NAME)";
				SWIFT_EMIT_LOC_STRINGS = YES;
				SWIFT_VERSION = 5.0;
				TARGETED_DEVICE_FAMILY = "1,2";
			};
			name = Debug;
		};
		63309F1E2C25601C00224E5B /* Release */ = {
			isa = XCBuildConfiguration;
			buildSettings = {
				ASSETCATALOG_COMPILER_APPICON_NAME = AppIcon;
				ASSETCATALOG_COMPILER_GLOBAL_ACCENT_COLOR_NAME = AccentColor;
				CODE_SIGN_STYLE = Automatic;
				CURRENT_PROJECT_VERSION = 1;
				DEVELOPMENT_ASSET_PATHS = "\"FrameworksList/Preview Content\"";
				DEVELOPMENT_TEAM = Q2ES7AM762;
				ENABLE_PREVIEWS = YES;
				GENERATE_INFOPLIST_FILE = YES;
				INFOPLIST_KEY_UIApplicationSceneManifest_Generation = YES;
				INFOPLIST_KEY_UIApplicationSupportsIndirectInputEvents = YES;
				INFOPLIST_KEY_UILaunchScreen_Generation = YES;
				INFOPLIST_KEY_UILaunchStoryboardName = LaunchScreen.storyboard;
				INFOPLIST_KEY_UISupportedInterfaceOrientations_iPad = "UIInterfaceOrientationPortrait UIInterfaceOrientationPortraitUpsideDown UIInterfaceOrientationLandscapeLeft UIInterfaceOrientationLandscapeRight";
				INFOPLIST_KEY_UISupportedInterfaceOrientations_iPhone = "UIInterfaceOrientationPortrait UIInterfaceOrientationLandscapeLeft UIInterfaceOrientationLandscapeRight";
				LD_RUNPATH_SEARCH_PATHS = (
					"$(inherited)",
					"@executable_path/Frameworks",
				);
				MARKETING_VERSION = 1.0;
				PRODUCT_BUNDLE_IDENTIFIER = com.delhaisse.FrameworksList;
				PRODUCT_NAME = "$(TARGET_NAME)";
				SWIFT_EMIT_LOC_STRINGS = YES;
				SWIFT_VERSION = 5.0;
				TARGETED_DEVICE_FAMILY = "1,2";
			};
			name = Release;
		};
/* End XCBuildConfiguration section */

/* Begin XCConfigurationList section */
		63309F092C25601A00224E5B /* Build configuration list for PBXProject "FrameworksList" */ = {
			isa = XCConfigurationList;
			buildConfigurations = (
				63309F1A2C25601C00224E5B /* Debug */,
				63309F1B2C25601C00224E5B /* Release */,
			);
			defaultConfigurationIsVisible = 0;
			defaultConfigurationName = Release;
		};
		63309F1C2C25601C00224E5B /* Build configuration list for PBXNativeTarget "FrameworksList" */ = {
			isa = XCConfigurationList;
			buildConfigurations = (
				63309F1D2C25601C00224E5B /* Debug */,
				63309F1E2C25601C00224E5B /* Release */,
			);
			defaultConfigurationIsVisible = 0;
			defaultConfigurationName = Release;
		};
/* End XCConfigurationList section */
	};
	rootObject = 63309F062C25601A00224E5B /* Project object */;
}
